
Microsoft Visual Studio Solution File, Format Version 12.00
Project("{FAE04EC0-301F-11D3-BF4B-00C04F79EFBC}") = "GFramework", "GFramework.csproj", "{9BEDDD6C-DF8B-4E71-9C75-F44EC669ABBD}"
EndProject
Project("{FAE04EC0-301F-11D3-BF4B-00C04F79EFBC}") = "GFramework.Core", "GFramework.Core\GFramework.Core.csproj", "{A6D5854D-79EA-487A-9ED9-396E6A1F8031}"
EndProject
Project("{FAE04EC0-301F-11D3-BF4B-00C04F79EFBC}") = "GFramework.Godot", "GFramework.Godot\GFramework.Godot.csproj", "{FC56D81A-3A3B-4B49-B318-363DFA0D8206}"
EndProject
Project("{FAE04EC0-301F-11D3-BF4B-00C04F79EFBC}") = "GFramework.Game", "GFramework.Game\GFramework.Game.csproj", "{0B00816B-E8B2-4562-8C11-0C06CE761638}"
EndProject
Project("{FAE04EC0-301F-11D3-BF4B-00C04F79EFBC}") = "GFramework.Godot.SourceGenerators", "GFramework.Godot.SourceGenerators\GFramework.Godot.SourceGenerators.csproj", "{C56FD287-CBC6-4C44-B3DF-103FA3660CA0}"
EndProject
Project("{FAE04EC0-301F-11D3-BF4B-00C04F79EFBC}") = "GFramework.Godot.SourceGenerators.Abstractions", "GFramework.Godot.SourceGenerators.Abstractions\GFramework.Godot.SourceGenerators.Abstractions.csproj", "{3A1132B7-EC3B-4BB6-A752-8ADC92BC08A0}"
EndProject
Project("{FAE04EC0-301F-11D3-BF4B-00C04F79EFBC}") = "GFramework.SourceGenerators.Tests", "GFramework.SourceGenerators.Tests\GFramework.SourceGenerators.Tests.csproj", "{BB047F43-6AA0-4EA0-8AE9-E6B9784D9E8E}"
EndProject
Project("{FAE04EC0-301F-11D3-BF4B-00C04F79EFBC}") = "GFramework.SourceGenerators.Common", "GFramework.SourceGenerators.Common\GFramework.SourceGenerators.Common.csproj", "{B6511C9A-40E1-4E51-8D1F-18EAFB3C5BFC}"
EndProject
Project("{FAE04EC0-301F-11D3-BF4B-00C04F79EFBC}") = "GFramework.Core.Abstractions", "GFramework.Core.Abstractions\GFramework.Core.Abstractions.csproj", "{31BA9F62-153A-4943-A8A0-7571FC7D5FEE}"
EndProject
Project("{FAE04EC0-301F-11D3-BF4B-00C04F79EFBC}") = "GFramework.Game.Abstractions", "GFramework.Game.Abstractions\GFramework.Game.Abstractions.csproj", "{E20DBA4C-CEB9-4184-B614-5A99A9AE4472}"
EndProject
Project("{FAE04EC0-301F-11D3-BF4B-00C04F79EFBC}") = "GFramework.Core.Tests", "GFramework.Core.Tests\GFramework.Core.Tests.csproj", "{759BCD95-A9D9-4D8F-9255-A9F1B661DF74}"
EndProject
Project("{FAE04EC0-301F-11D3-BF4B-00C04F79EFBC}") = "GFramework.Ecs.Arch.Abstractions", "GFramework.Ecs.Arch.Abstractions\GFramework.Ecs.Arch.Abstractions.csproj", "{5E1488B2-6554-408D-83FB-EB2FFFABF545}"
EndProject
Project("{FAE04EC0-301F-11D3-BF4B-00C04F79EFBC}") = "GFramework.Ecs.Arch", "GFramework.Ecs.Arch\GFramework.Ecs.Arch.csproj", "{E9B49EE9-25BC-47C1-83CE-92F636B9D491}"
EndProject
Project("{FAE04EC0-301F-11D3-BF4B-00C04F79EFBC}") = "GFramework.Ecs.Arch.Tests", "GFramework.Ecs.Arch.Tests\GFramework.Ecs.Arch.Tests.csproj", "{112CF413-4596-4AA3-B3FE-65532802FDD6}"
EndProject
Project("{FAE04EC0-301F-11D3-BF4B-00C04F79EFBC}") = "GFramework.Game.Tests", "GFramework.Game.Tests\GFramework.Game.Tests.csproj", "{738DC58A-0387-4D75-AA96-1C1D8C29D350}"
EndProject
Project("{FAE04EC0-301F-11D3-BF4B-00C04F79EFBC}") = "GFramework.Godot.SourceGenerators.Tests", "GFramework.Godot.SourceGenerators.Tests\GFramework.Godot.SourceGenerators.Tests.csproj", "{E315489C-248A-4ABB-BD92-96F9F3AFE2C1}"
EndProject
Project("{FAE04EC0-301F-11D3-BF4B-00C04F79EFBC}") = "GFramework.Godot.Tests", "GFramework.Godot.Tests\GFramework.Godot.Tests.csproj", "{576119E2-13D0-4ACF-A012-D01C320E8BF3}"
EndProject
Project("{FAE04EC0-301F-11D3-BF4B-00C04F79EFBC}") = "GFramework.Cqrs.Abstractions", "GFramework.Cqrs.Abstractions\GFramework.Cqrs.Abstractions.csproj", "{69C06523-98AA-49DE-95D4-4BF203716DD2}"
EndProject
Project("{FAE04EC0-301F-11D3-BF4B-00C04F79EFBC}") = "GFramework.Cqrs", "GFramework.Cqrs\GFramework.Cqrs.csproj", "{E7034F34-0D2B-4D99-B8E2-D149EF6C88F2}"
EndProject
Project("{FAE04EC0-301F-11D3-BF4B-00C04F79EFBC}") = "GFramework.Cqrs.Tests", "GFramework.Cqrs.Tests\GFramework.Cqrs.Tests.csproj", "{29037A55-9A89-425C-AB33-D44872B2E601}"
EndProject
Project("{FAE04EC0-301F-11D3-BF4B-00C04F79EFBC}") = "GFramework.Tests.Common", "GFramework.Tests.Common\GFramework.Tests.Common.csproj", "{1100EE3E-A12D-4DE5-ABA8-591D3126570B}"
EndProject
Project("{FAE04EC0-301F-11D3-BF4B-00C04F79EFBC}") = "GFramework.Core.SourceGenerators", "GFramework.Core.SourceGenerators\GFramework.Core.SourceGenerators.csproj", "{2E8A4BB6-DA58-484F-ACC5-A8F2FA885B36}"
EndProject
Project("{FAE04EC0-301F-11D3-BF4B-00C04F79EFBC}") = "GFramework.Core.SourceGenerators.Abstractions", "GFramework.Core.SourceGenerators.Abstractions\GFramework.Core.SourceGenerators.Abstractions.csproj", "{8858F489-4EDD-41F1-9A74-1CA1CB287EB4}"
EndProject
Project("{FAE04EC0-301F-11D3-BF4B-00C04F79EFBC}") = "GFramework.Cqrs.SourceGenerators", "GFramework.Cqrs.SourceGenerators\GFramework.Cqrs.SourceGenerators.csproj", "{3FDCD803-604F-48D9-B2A8-2EC621E8D598}"
EndProject
Project("{FAE04EC0-301F-11D3-BF4B-00C04F79EFBC}") = "GFramework.Game.SourceGenerators", "GFramework.Game.SourceGenerators\GFramework.Game.SourceGenerators.csproj", "{9D3AADF0-55E6-4F80-B9C5-875F63E170D8}"
EndProject
Project("{FAE04EC0-301F-11D3-BF4B-00C04F79EFBC}") = "GFramework.Cqrs.Benchmarks", "GFramework.Cqrs.Benchmarks\GFramework.Cqrs.Benchmarks.csproj", "{5609D017-E481-431B-874A-7D06BFF698F9}"
EndProject
Global
	GlobalSection(SolutionConfigurationPlatforms) = preSolution
		Debug|Any CPU = Debug|Any CPU
		Debug|x64 = Debug|x64
		Debug|x86 = Debug|x86
		Release|Any CPU = Release|Any CPU
		Release|x64 = Release|x64
		Release|x86 = Release|x86
	EndGlobalSection
	GlobalSection(ProjectConfigurationPlatforms) = postSolution
		{9BEDDD6C-DF8B-4E71-9C75-F44EC669ABBD}.Debug|Any CPU.ActiveCfg = Debug|Any CPU
		{9BEDDD6C-DF8B-4E71-9C75-F44EC669ABBD}.Debug|Any CPU.Build.0 = Debug|Any CPU
		{9BEDDD6C-DF8B-4E71-9C75-F44EC669ABBD}.Debug|x64.ActiveCfg = Debug|Any CPU
		{9BEDDD6C-DF8B-4E71-9C75-F44EC669ABBD}.Debug|x64.Build.0 = Debug|Any CPU
		{9BEDDD6C-DF8B-4E71-9C75-F44EC669ABBD}.Debug|x86.ActiveCfg = Debug|Any CPU
		{9BEDDD6C-DF8B-4E71-9C75-F44EC669ABBD}.Debug|x86.Build.0 = Debug|Any CPU
		{9BEDDD6C-DF8B-4E71-9C75-F44EC669ABBD}.Release|Any CPU.ActiveCfg = Release|Any CPU
		{9BEDDD6C-DF8B-4E71-9C75-F44EC669ABBD}.Release|Any CPU.Build.0 = Release|Any CPU
		{9BEDDD6C-DF8B-4E71-9C75-F44EC669ABBD}.Release|x64.ActiveCfg = Release|Any CPU
		{9BEDDD6C-DF8B-4E71-9C75-F44EC669ABBD}.Release|x64.Build.0 = Release|Any CPU
		{9BEDDD6C-DF8B-4E71-9C75-F44EC669ABBD}.Release|x86.ActiveCfg = Release|Any CPU
		{9BEDDD6C-DF8B-4E71-9C75-F44EC669ABBD}.Release|x86.Build.0 = Release|Any CPU
		{A6D5854D-79EA-487A-9ED9-396E6A1F8031}.Debug|Any CPU.ActiveCfg = Debug|Any CPU
		{A6D5854D-79EA-487A-9ED9-396E6A1F8031}.Debug|Any CPU.Build.0 = Debug|Any CPU
		{A6D5854D-79EA-487A-9ED9-396E6A1F8031}.Debug|x64.ActiveCfg = Debug|Any CPU
		{A6D5854D-79EA-487A-9ED9-396E6A1F8031}.Debug|x64.Build.0 = Debug|Any CPU
		{A6D5854D-79EA-487A-9ED9-396E6A1F8031}.Debug|x86.ActiveCfg = Debug|Any CPU
		{A6D5854D-79EA-487A-9ED9-396E6A1F8031}.Debug|x86.Build.0 = Debug|Any CPU
		{A6D5854D-79EA-487A-9ED9-396E6A1F8031}.Release|Any CPU.ActiveCfg = Release|Any CPU
		{A6D5854D-79EA-487A-9ED9-396E6A1F8031}.Release|Any CPU.Build.0 = Release|Any CPU
		{A6D5854D-79EA-487A-9ED9-396E6A1F8031}.Release|x64.ActiveCfg = Release|Any CPU
		{A6D5854D-79EA-487A-9ED9-396E6A1F8031}.Release|x64.Build.0 = Release|Any CPU
		{A6D5854D-79EA-487A-9ED9-396E6A1F8031}.Release|x86.ActiveCfg = Release|Any CPU
		{A6D5854D-79EA-487A-9ED9-396E6A1F8031}.Release|x86.Build.0 = Release|Any CPU
		{FC56D81A-3A3B-4B49-B318-363DFA0D8206}.Debug|Any CPU.ActiveCfg = Debug|Any CPU
		{FC56D81A-3A3B-4B49-B318-363DFA0D8206}.Debug|Any CPU.Build.0 = Debug|Any CPU
		{FC56D81A-3A3B-4B49-B318-363DFA0D8206}.Debug|x64.ActiveCfg = Debug|Any CPU
		{FC56D81A-3A3B-4B49-B318-363DFA0D8206}.Debug|x64.Build.0 = Debug|Any CPU
		{FC56D81A-3A3B-4B49-B318-363DFA0D8206}.Debug|x86.ActiveCfg = Debug|Any CPU
		{FC56D81A-3A3B-4B49-B318-363DFA0D8206}.Debug|x86.Build.0 = Debug|Any CPU
		{FC56D81A-3A3B-4B49-B318-363DFA0D8206}.Release|Any CPU.ActiveCfg = Release|Any CPU
		{FC56D81A-3A3B-4B49-B318-363DFA0D8206}.Release|Any CPU.Build.0 = Release|Any CPU
		{FC56D81A-3A3B-4B49-B318-363DFA0D8206}.Release|x64.ActiveCfg = Release|Any CPU
		{FC56D81A-3A3B-4B49-B318-363DFA0D8206}.Release|x64.Build.0 = Release|Any CPU
		{FC56D81A-3A3B-4B49-B318-363DFA0D8206}.Release|x86.ActiveCfg = Release|Any CPU
		{FC56D81A-3A3B-4B49-B318-363DFA0D8206}.Release|x86.Build.0 = Release|Any CPU
		{0B00816B-E8B2-4562-8C11-0C06CE761638}.Debug|Any CPU.ActiveCfg = Debug|Any CPU
		{0B00816B-E8B2-4562-8C11-0C06CE761638}.Debug|Any CPU.Build.0 = Debug|Any CPU
		{0B00816B-E8B2-4562-8C11-0C06CE761638}.Debug|x64.ActiveCfg = Debug|Any CPU
		{0B00816B-E8B2-4562-8C11-0C06CE761638}.Debug|x64.Build.0 = Debug|Any CPU
		{0B00816B-E8B2-4562-8C11-0C06CE761638}.Debug|x86.ActiveCfg = Debug|Any CPU
		{0B00816B-E8B2-4562-8C11-0C06CE761638}.Debug|x86.Build.0 = Debug|Any CPU
		{0B00816B-E8B2-4562-8C11-0C06CE761638}.Release|Any CPU.ActiveCfg = Release|Any CPU
		{0B00816B-E8B2-4562-8C11-0C06CE761638}.Release|Any CPU.Build.0 = Release|Any CPU
		{0B00816B-E8B2-4562-8C11-0C06CE761638}.Release|x64.ActiveCfg = Release|Any CPU
		{0B00816B-E8B2-4562-8C11-0C06CE761638}.Release|x64.Build.0 = Release|Any CPU
		{0B00816B-E8B2-4562-8C11-0C06CE761638}.Release|x86.ActiveCfg = Release|Any CPU
		{0B00816B-E8B2-4562-8C11-0C06CE761638}.Release|x86.Build.0 = Release|Any CPU
		{C56FD287-CBC6-4C44-B3DF-103FA3660CA0}.Debug|Any CPU.ActiveCfg = Debug|Any CPU
		{C56FD287-CBC6-4C44-B3DF-103FA3660CA0}.Debug|Any CPU.Build.0 = Debug|Any CPU
		{C56FD287-CBC6-4C44-B3DF-103FA3660CA0}.Debug|x64.ActiveCfg = Debug|Any CPU
		{C56FD287-CBC6-4C44-B3DF-103FA3660CA0}.Debug|x64.Build.0 = Debug|Any CPU
		{C56FD287-CBC6-4C44-B3DF-103FA3660CA0}.Debug|x86.ActiveCfg = Debug|Any CPU
		{C56FD287-CBC6-4C44-B3DF-103FA3660CA0}.Debug|x86.Build.0 = Debug|Any CPU
		{C56FD287-CBC6-4C44-B3DF-103FA3660CA0}.Release|Any CPU.ActiveCfg = Release|Any CPU
		{C56FD287-CBC6-4C44-B3DF-103FA3660CA0}.Release|Any CPU.Build.0 = Release|Any CPU
		{C56FD287-CBC6-4C44-B3DF-103FA3660CA0}.Release|x64.ActiveCfg = Release|Any CPU
		{C56FD287-CBC6-4C44-B3DF-103FA3660CA0}.Release|x64.Build.0 = Release|Any CPU
		{C56FD287-CBC6-4C44-B3DF-103FA3660CA0}.Release|x86.ActiveCfg = Release|Any CPU
		{C56FD287-CBC6-4C44-B3DF-103FA3660CA0}.Release|x86.Build.0 = Release|Any CPU
		{3A1132B7-EC3B-4BB6-A752-8ADC92BC08A0}.Debug|Any CPU.ActiveCfg = Debug|Any CPU
		{3A1132B7-EC3B-4BB6-A752-8ADC92BC08A0}.Debug|Any CPU.Build.0 = Debug|Any CPU
		{3A1132B7-EC3B-4BB6-A752-8ADC92BC08A0}.Debug|x64.ActiveCfg = Debug|Any CPU
		{3A1132B7-EC3B-4BB6-A752-8ADC92BC08A0}.Debug|x64.Build.0 = Debug|Any CPU
		{3A1132B7-EC3B-4BB6-A752-8ADC92BC08A0}.Debug|x86.ActiveCfg = Debug|Any CPU
		{3A1132B7-EC3B-4BB6-A752-8ADC92BC08A0}.Debug|x86.Build.0 = Debug|Any CPU
		{3A1132B7-EC3B-4BB6-A752-8ADC92BC08A0}.Release|Any CPU.ActiveCfg = Release|Any CPU
		{3A1132B7-EC3B-4BB6-A752-8ADC92BC08A0}.Release|Any CPU.Build.0 = Release|Any CPU
		{3A1132B7-EC3B-4BB6-A752-8ADC92BC08A0}.Release|x64.ActiveCfg = Release|Any CPU
		{3A1132B7-EC3B-4BB6-A752-8ADC92BC08A0}.Release|x64.Build.0 = Release|Any CPU
		{3A1132B7-EC3B-4BB6-A752-8ADC92BC08A0}.Release|x86.ActiveCfg = Release|Any CPU
		{3A1132B7-EC3B-4BB6-A752-8ADC92BC08A0}.Release|x86.Build.0 = Release|Any CPU
		{BB047F43-6AA0-4EA0-8AE9-E6B9784D9E8E}.Debug|Any CPU.ActiveCfg = Debug|Any CPU
		{BB047F43-6AA0-4EA0-8AE9-E6B9784D9E8E}.Debug|Any CPU.Build.0 = Debug|Any CPU
		{BB047F43-6AA0-4EA0-8AE9-E6B9784D9E8E}.Debug|x64.ActiveCfg = Debug|Any CPU
		{BB047F43-6AA0-4EA0-8AE9-E6B9784D9E8E}.Debug|x64.Build.0 = Debug|Any CPU
		{BB047F43-6AA0-4EA0-8AE9-E6B9784D9E8E}.Debug|x86.ActiveCfg = Debug|Any CPU
		{BB047F43-6AA0-4EA0-8AE9-E6B9784D9E8E}.Debug|x86.Build.0 = Debug|Any CPU
		{BB047F43-6AA0-4EA0-8AE9-E6B9784D9E8E}.Release|Any CPU.ActiveCfg = Release|Any CPU
		{BB047F43-6AA0-4EA0-8AE9-E6B9784D9E8E}.Release|Any CPU.Build.0 = Release|Any CPU
		{BB047F43-6AA0-4EA0-8AE9-E6B9784D9E8E}.Release|x64.ActiveCfg = Release|Any CPU
		{BB047F43-6AA0-4EA0-8AE9-E6B9784D9E8E}.Release|x64.Build.0 = Release|Any CPU
		{BB047F43-6AA0-4EA0-8AE9-E6B9784D9E8E}.Release|x86.ActiveCfg = Release|Any CPU
		{BB047F43-6AA0-4EA0-8AE9-E6B9784D9E8E}.Release|x86.Build.0 = Release|Any CPU
		{B6511C9A-40E1-4E51-8D1F-18EAFB3C5BFC}.Debug|Any CPU.ActiveCfg = Debug|Any CPU
		{B6511C9A-40E1-4E51-8D1F-18EAFB3C5BFC}.Debug|Any CPU.Build.0 = Debug|Any CPU
		{B6511C9A-40E1-4E51-8D1F-18EAFB3C5BFC}.Debug|x64.ActiveCfg = Debug|Any CPU
		{B6511C9A-40E1-4E51-8D1F-18EAFB3C5BFC}.Debug|x64.Build.0 = Debug|Any CPU
		{B6511C9A-40E1-4E51-8D1F-18EAFB3C5BFC}.Debug|x86.ActiveCfg = Debug|Any CPU
		{B6511C9A-40E1-4E51-8D1F-18EAFB3C5BFC}.Debug|x86.Build.0 = Debug|Any CPU
		{B6511C9A-40E1-4E51-8D1F-18EAFB3C5BFC}.Release|Any CPU.ActiveCfg = Release|Any CPU
		{B6511C9A-40E1-4E51-8D1F-18EAFB3C5BFC}.Release|Any CPU.Build.0 = Release|Any CPU
		{B6511C9A-40E1-4E51-8D1F-18EAFB3C5BFC}.Release|x64.ActiveCfg = Release|Any CPU
		{B6511C9A-40E1-4E51-8D1F-18EAFB3C5BFC}.Release|x64.Build.0 = Release|Any CPU
		{B6511C9A-40E1-4E51-8D1F-18EAFB3C5BFC}.Release|x86.ActiveCfg = Release|Any CPU
		{B6511C9A-40E1-4E51-8D1F-18EAFB3C5BFC}.Release|x86.Build.0 = Release|Any CPU
		{31BA9F62-153A-4943-A8A0-7571FC7D5FEE}.Debug|Any CPU.ActiveCfg = Debug|Any CPU
		{31BA9F62-153A-4943-A8A0-7571FC7D5FEE}.Debug|Any CPU.Build.0 = Debug|Any CPU
		{31BA9F62-153A-4943-A8A0-7571FC7D5FEE}.Debug|x64.ActiveCfg = Debug|Any CPU
		{31BA9F62-153A-4943-A8A0-7571FC7D5FEE}.Debug|x64.Build.0 = Debug|Any CPU
		{31BA9F62-153A-4943-A8A0-7571FC7D5FEE}.Debug|x86.ActiveCfg = Debug|Any CPU
		{31BA9F62-153A-4943-A8A0-7571FC7D5FEE}.Debug|x86.Build.0 = Debug|Any CPU
		{31BA9F62-153A-4943-A8A0-7571FC7D5FEE}.Release|Any CPU.ActiveCfg = Release|Any CPU
		{31BA9F62-153A-4943-A8A0-7571FC7D5FEE}.Release|Any CPU.Build.0 = Release|Any CPU
		{31BA9F62-153A-4943-A8A0-7571FC7D5FEE}.Release|x64.ActiveCfg = Release|Any CPU
		{31BA9F62-153A-4943-A8A0-7571FC7D5FEE}.Release|x64.Build.0 = Release|Any CPU
		{31BA9F62-153A-4943-A8A0-7571FC7D5FEE}.Release|x86.ActiveCfg = Release|Any CPU
		{31BA9F62-153A-4943-A8A0-7571FC7D5FEE}.Release|x86.Build.0 = Release|Any CPU
		{E20DBA4C-CEB9-4184-B614-5A99A9AE4472}.Debug|Any CPU.ActiveCfg = Debug|Any CPU
		{E20DBA4C-CEB9-4184-B614-5A99A9AE4472}.Debug|Any CPU.Build.0 = Debug|Any CPU
		{E20DBA4C-CEB9-4184-B614-5A99A9AE4472}.Debug|x64.ActiveCfg = Debug|Any CPU
		{E20DBA4C-CEB9-4184-B614-5A99A9AE4472}.Debug|x64.Build.0 = Debug|Any CPU
		{E20DBA4C-CEB9-4184-B614-5A99A9AE4472}.Debug|x86.ActiveCfg = Debug|Any CPU
		{E20DBA4C-CEB9-4184-B614-5A99A9AE4472}.Debug|x86.Build.0 = Debug|Any CPU
		{E20DBA4C-CEB9-4184-B614-5A99A9AE4472}.Release|Any CPU.ActiveCfg = Release|Any CPU
		{E20DBA4C-CEB9-4184-B614-5A99A9AE4472}.Release|Any CPU.Build.0 = Release|Any CPU
		{E20DBA4C-CEB9-4184-B614-5A99A9AE4472}.Release|x64.ActiveCfg = Release|Any CPU
		{E20DBA4C-CEB9-4184-B614-5A99A9AE4472}.Release|x64.Build.0 = Release|Any CPU
		{E20DBA4C-CEB9-4184-B614-5A99A9AE4472}.Release|x86.ActiveCfg = Release|Any CPU
		{E20DBA4C-CEB9-4184-B614-5A99A9AE4472}.Release|x86.Build.0 = Release|Any CPU
		{759BCD95-A9D9-4D8F-9255-A9F1B661DF74}.Debug|Any CPU.ActiveCfg = Debug|Any CPU
		{759BCD95-A9D9-4D8F-9255-A9F1B661DF74}.Debug|Any CPU.Build.0 = Debug|Any CPU
		{759BCD95-A9D9-4D8F-9255-A9F1B661DF74}.Debug|x64.ActiveCfg = Debug|Any CPU
		{759BCD95-A9D9-4D8F-9255-A9F1B661DF74}.Debug|x64.Build.0 = Debug|Any CPU
		{759BCD95-A9D9-4D8F-9255-A9F1B661DF74}.Debug|x86.ActiveCfg = Debug|Any CPU
		{759BCD95-A9D9-4D8F-9255-A9F1B661DF74}.Debug|x86.Build.0 = Debug|Any CPU
		{759BCD95-A9D9-4D8F-9255-A9F1B661DF74}.Release|Any CPU.ActiveCfg = Release|Any CPU
		{759BCD95-A9D9-4D8F-9255-A9F1B661DF74}.Release|Any CPU.Build.0 = Release|Any CPU
		{759BCD95-A9D9-4D8F-9255-A9F1B661DF74}.Release|x64.ActiveCfg = Release|Any CPU
		{759BCD95-A9D9-4D8F-9255-A9F1B661DF74}.Release|x64.Build.0 = Release|Any CPU
		{759BCD95-A9D9-4D8F-9255-A9F1B661DF74}.Release|x86.ActiveCfg = Release|Any CPU
		{759BCD95-A9D9-4D8F-9255-A9F1B661DF74}.Release|x86.Build.0 = Release|Any CPU
		{5E1488B2-6554-408D-83FB-EB2FFFABF545}.Debug|Any CPU.ActiveCfg = Debug|Any CPU
		{5E1488B2-6554-408D-83FB-EB2FFFABF545}.Debug|Any CPU.Build.0 = Debug|Any CPU
		{5E1488B2-6554-408D-83FB-EB2FFFABF545}.Debug|x64.ActiveCfg = Debug|Any CPU
		{5E1488B2-6554-408D-83FB-EB2FFFABF545}.Debug|x64.Build.0 = Debug|Any CPU
		{5E1488B2-6554-408D-83FB-EB2FFFABF545}.Debug|x86.ActiveCfg = Debug|Any CPU
		{5E1488B2-6554-408D-83FB-EB2FFFABF545}.Debug|x86.Build.0 = Debug|Any CPU
		{5E1488B2-6554-408D-83FB-EB2FFFABF545}.Release|Any CPU.ActiveCfg = Release|Any CPU
		{5E1488B2-6554-408D-83FB-EB2FFFABF545}.Release|Any CPU.Build.0 = Release|Any CPU
		{5E1488B2-6554-408D-83FB-EB2FFFABF545}.Release|x64.ActiveCfg = Release|Any CPU
		{5E1488B2-6554-408D-83FB-EB2FFFABF545}.Release|x64.Build.0 = Release|Any CPU
		{5E1488B2-6554-408D-83FB-EB2FFFABF545}.Release|x86.ActiveCfg = Release|Any CPU
		{5E1488B2-6554-408D-83FB-EB2FFFABF545}.Release|x86.Build.0 = Release|Any CPU
		{E9B49EE9-25BC-47C1-83CE-92F636B9D491}.Debug|Any CPU.ActiveCfg = Debug|Any CPU
		{E9B49EE9-25BC-47C1-83CE-92F636B9D491}.Debug|Any CPU.Build.0 = Debug|Any CPU
		{E9B49EE9-25BC-47C1-83CE-92F636B9D491}.Debug|x64.ActiveCfg = Debug|Any CPU
		{E9B49EE9-25BC-47C1-83CE-92F636B9D491}.Debug|x64.Build.0 = Debug|Any CPU
		{E9B49EE9-25BC-47C1-83CE-92F636B9D491}.Debug|x86.ActiveCfg = Debug|Any CPU
		{E9B49EE9-25BC-47C1-83CE-92F636B9D491}.Debug|x86.Build.0 = Debug|Any CPU
		{E9B49EE9-25BC-47C1-83CE-92F636B9D491}.Release|Any CPU.ActiveCfg = Release|Any CPU
		{E9B49EE9-25BC-47C1-83CE-92F636B9D491}.Release|Any CPU.Build.0 = Release|Any CPU
		{E9B49EE9-25BC-47C1-83CE-92F636B9D491}.Release|x64.ActiveCfg = Release|Any CPU
		{E9B49EE9-25BC-47C1-83CE-92F636B9D491}.Release|x64.Build.0 = Release|Any CPU
		{E9B49EE9-25BC-47C1-83CE-92F636B9D491}.Release|x86.ActiveCfg = Release|Any CPU
		{E9B49EE9-25BC-47C1-83CE-92F636B9D491}.Release|x86.Build.0 = Release|Any CPU
		{112CF413-4596-4AA3-B3FE-65532802FDD6}.Debug|Any CPU.ActiveCfg = Debug|Any CPU
		{112CF413-4596-4AA3-B3FE-65532802FDD6}.Debug|Any CPU.Build.0 = Debug|Any CPU
		{112CF413-4596-4AA3-B3FE-65532802FDD6}.Debug|x64.ActiveCfg = Debug|Any CPU
		{112CF413-4596-4AA3-B3FE-65532802FDD6}.Debug|x64.Build.0 = Debug|Any CPU
		{112CF413-4596-4AA3-B3FE-65532802FDD6}.Debug|x86.ActiveCfg = Debug|Any CPU
		{112CF413-4596-4AA3-B3FE-65532802FDD6}.Debug|x86.Build.0 = Debug|Any CPU
		{112CF413-4596-4AA3-B3FE-65532802FDD6}.Release|Any CPU.ActiveCfg = Release|Any CPU
		{112CF413-4596-4AA3-B3FE-65532802FDD6}.Release|Any CPU.Build.0 = Release|Any CPU
		{112CF413-4596-4AA3-B3FE-65532802FDD6}.Release|x64.ActiveCfg = Release|Any CPU
		{112CF413-4596-4AA3-B3FE-65532802FDD6}.Release|x64.Build.0 = Release|Any CPU
		{112CF413-4596-4AA3-B3FE-65532802FDD6}.Release|x86.ActiveCfg = Release|Any CPU
		{112CF413-4596-4AA3-B3FE-65532802FDD6}.Release|x86.Build.0 = Release|Any CPU
		{738DC58A-0387-4D75-AA96-1C1D8C29D350}.Debug|Any CPU.ActiveCfg = Debug|Any CPU
		{738DC58A-0387-4D75-AA96-1C1D8C29D350}.Debug|Any CPU.Build.0 = Debug|Any CPU
		{738DC58A-0387-4D75-AA96-1C1D8C29D350}.Debug|x64.ActiveCfg = Debug|Any CPU
		{738DC58A-0387-4D75-AA96-1C1D8C29D350}.Debug|x64.Build.0 = Debug|Any CPU
		{738DC58A-0387-4D75-AA96-1C1D8C29D350}.Debug|x86.ActiveCfg = Debug|Any CPU
		{738DC58A-0387-4D75-AA96-1C1D8C29D350}.Debug|x86.Build.0 = Debug|Any CPU
		{738DC58A-0387-4D75-AA96-1C1D8C29D350}.Release|Any CPU.ActiveCfg = Release|Any CPU
		{738DC58A-0387-4D75-AA96-1C1D8C29D350}.Release|Any CPU.Build.0 = Release|Any CPU
		{738DC58A-0387-4D75-AA96-1C1D8C29D350}.Release|x64.ActiveCfg = Release|Any CPU
		{738DC58A-0387-4D75-AA96-1C1D8C29D350}.Release|x64.Build.0 = Release|Any CPU
		{738DC58A-0387-4D75-AA96-1C1D8C29D350}.Release|x86.ActiveCfg = Release|Any CPU
		{738DC58A-0387-4D75-AA96-1C1D8C29D350}.Release|x86.Build.0 = Release|Any CPU
		{E315489C-248A-4ABB-BD92-96F9F3AFE2C1}.Debug|Any CPU.ActiveCfg = Debug|Any CPU
		{E315489C-248A-4ABB-BD92-96F9F3AFE2C1}.Debug|Any CPU.Build.0 = Debug|Any CPU
		{E315489C-248A-4ABB-BD92-96F9F3AFE2C1}.Debug|x64.ActiveCfg = Debug|Any CPU
		{E315489C-248A-4ABB-BD92-96F9F3AFE2C1}.Debug|x64.Build.0 = Debug|Any CPU
		{E315489C-248A-4ABB-BD92-96F9F3AFE2C1}.Debug|x86.ActiveCfg = Debug|Any CPU
		{E315489C-248A-4ABB-BD92-96F9F3AFE2C1}.Debug|x86.Build.0 = Debug|Any CPU
		{E315489C-248A-4ABB-BD92-96F9F3AFE2C1}.Release|Any CPU.ActiveCfg = Release|Any CPU
		{E315489C-248A-4ABB-BD92-96F9F3AFE2C1}.Release|Any CPU.Build.0 = Release|Any CPU
		{E315489C-248A-4ABB-BD92-96F9F3AFE2C1}.Release|x64.ActiveCfg = Release|Any CPU
		{E315489C-248A-4ABB-BD92-96F9F3AFE2C1}.Release|x64.Build.0 = Release|Any CPU
		{E315489C-248A-4ABB-BD92-96F9F3AFE2C1}.Release|x86.ActiveCfg = Release|Any CPU
		{E315489C-248A-4ABB-BD92-96F9F3AFE2C1}.Release|x86.Build.0 = Release|Any CPU
		{576119E2-13D0-4ACF-A012-D01C320E8BF3}.Debug|Any CPU.ActiveCfg = Debug|Any CPU
		{576119E2-13D0-4ACF-A012-D01C320E8BF3}.Debug|Any CPU.Build.0 = Debug|Any CPU
		{576119E2-13D0-4ACF-A012-D01C320E8BF3}.Debug|x64.ActiveCfg = Debug|Any CPU
		{576119E2-13D0-4ACF-A012-D01C320E8BF3}.Debug|x64.Build.0 = Debug|Any CPU
		{576119E2-13D0-4ACF-A012-D01C320E8BF3}.Debug|x86.ActiveCfg = Debug|Any CPU
		{576119E2-13D0-4ACF-A012-D01C320E8BF3}.Debug|x86.Build.0 = Debug|Any CPU
		{576119E2-13D0-4ACF-A012-D01C320E8BF3}.Release|Any CPU.ActiveCfg = Release|Any CPU
		{576119E2-13D0-4ACF-A012-D01C320E8BF3}.Release|Any CPU.Build.0 = Release|Any CPU
		{576119E2-13D0-4ACF-A012-D01C320E8BF3}.Release|x64.ActiveCfg = Release|Any CPU
		{576119E2-13D0-4ACF-A012-D01C320E8BF3}.Release|x64.Build.0 = Release|Any CPU
		{576119E2-13D0-4ACF-A012-D01C320E8BF3}.Release|x86.ActiveCfg = Release|Any CPU
		{576119E2-13D0-4ACF-A012-D01C320E8BF3}.Release|x86.Build.0 = Release|Any CPU
		{69C06523-98AA-49DE-95D4-4BF203716DD2}.Debug|Any CPU.ActiveCfg = Debug|Any CPU
		{69C06523-98AA-49DE-95D4-4BF203716DD2}.Debug|Any CPU.Build.0 = Debug|Any CPU
		{69C06523-98AA-49DE-95D4-4BF203716DD2}.Debug|x64.ActiveCfg = Debug|Any CPU
		{69C06523-98AA-49DE-95D4-4BF203716DD2}.Debug|x64.Build.0 = Debug|Any CPU
		{69C06523-98AA-49DE-95D4-4BF203716DD2}.Debug|x86.ActiveCfg = Debug|Any CPU
		{69C06523-98AA-49DE-95D4-4BF203716DD2}.Debug|x86.Build.0 = Debug|Any CPU
		{69C06523-98AA-49DE-95D4-4BF203716DD2}.Release|Any CPU.ActiveCfg = Release|Any CPU
		{69C06523-98AA-49DE-95D4-4BF203716DD2}.Release|Any CPU.Build.0 = Release|Any CPU
		{69C06523-98AA-49DE-95D4-4BF203716DD2}.Release|x64.ActiveCfg = Release|Any CPU
		{69C06523-98AA-49DE-95D4-4BF203716DD2}.Release|x64.Build.0 = Release|Any CPU
		{69C06523-98AA-49DE-95D4-4BF203716DD2}.Release|x86.ActiveCfg = Release|Any CPU
		{69C06523-98AA-49DE-95D4-4BF203716DD2}.Release|x86.Build.0 = Release|Any CPU
		{E7034F34-0D2B-4D99-B8E2-D149EF6C88F2}.Debug|Any CPU.ActiveCfg = Debug|Any CPU
		{E7034F34-0D2B-4D99-B8E2-D149EF6C88F2}.Debug|Any CPU.Build.0 = Debug|Any CPU
		{E7034F34-0D2B-4D99-B8E2-D149EF6C88F2}.Debug|x64.ActiveCfg = Debug|Any CPU
		{E7034F34-0D2B-4D99-B8E2-D149EF6C88F2}.Debug|x64.Build.0 = Debug|Any CPU
		{E7034F34-0D2B-4D99-B8E2-D149EF6C88F2}.Debug|x86.ActiveCfg = Debug|Any CPU
		{E7034F34-0D2B-4D99-B8E2-D149EF6C88F2}.Debug|x86.Build.0 = Debug|Any CPU
		{E7034F34-0D2B-4D99-B8E2-D149EF6C88F2}.Release|Any CPU.ActiveCfg = Release|Any CPU
		{E7034F34-0D2B-4D99-B8E2-D149EF6C88F2}.Release|Any CPU.Build.0 = Release|Any CPU
		{E7034F34-0D2B-4D99-B8E2-D149EF6C88F2}.Release|x64.ActiveCfg = Release|Any CPU
		{E7034F34-0D2B-4D99-B8E2-D149EF6C88F2}.Release|x64.Build.0 = Release|Any CPU
		{E7034F34-0D2B-4D99-B8E2-D149EF6C88F2}.Release|x86.ActiveCfg = Release|Any CPU
		{E7034F34-0D2B-4D99-B8E2-D149EF6C88F2}.Release|x86.Build.0 = Release|Any CPU
		{29037A55-9A89-425C-AB33-D44872B2E601}.Debug|Any CPU.ActiveCfg = Debug|Any CPU
		{29037A55-9A89-425C-AB33-D44872B2E601}.Debug|Any CPU.Build.0 = Debug|Any CPU
		{29037A55-9A89-425C-AB33-D44872B2E601}.Debug|x64.ActiveCfg = Debug|Any CPU
		{29037A55-9A89-425C-AB33-D44872B2E601}.Debug|x64.Build.0 = Debug|Any CPU
		{29037A55-9A89-425C-AB33-D44872B2E601}.Debug|x86.ActiveCfg = Debug|Any CPU
		{29037A55-9A89-425C-AB33-D44872B2E601}.Debug|x86.Build.0 = Debug|Any CPU
		{29037A55-9A89-425C-AB33-D44872B2E601}.Release|Any CPU.ActiveCfg = Release|Any CPU
		{29037A55-9A89-425C-AB33-D44872B2E601}.Release|Any CPU.Build.0 = Release|Any CPU
		{29037A55-9A89-425C-AB33-D44872B2E601}.Release|x64.ActiveCfg = Release|Any CPU
		{29037A55-9A89-425C-AB33-D44872B2E601}.Release|x64.Build.0 = Release|Any CPU
		{29037A55-9A89-425C-AB33-D44872B2E601}.Release|x86.ActiveCfg = Release|Any CPU
		{29037A55-9A89-425C-AB33-D44872B2E601}.Release|x86.Build.0 = Release|Any CPU
		{1100EE3E-A12D-4DE5-ABA8-591D3126570B}.Debug|Any CPU.ActiveCfg = Debug|Any CPU
		{1100EE3E-A12D-4DE5-ABA8-591D3126570B}.Debug|Any CPU.Build.0 = Debug|Any CPU
		{1100EE3E-A12D-4DE5-ABA8-591D3126570B}.Debug|x64.ActiveCfg = Debug|Any CPU
		{1100EE3E-A12D-4DE5-ABA8-591D3126570B}.Debug|x64.Build.0 = Debug|Any CPU
		{1100EE3E-A12D-4DE5-ABA8-591D3126570B}.Debug|x86.ActiveCfg = Debug|Any CPU
		{1100EE3E-A12D-4DE5-ABA8-591D3126570B}.Debug|x86.Build.0 = Debug|Any CPU
		{1100EE3E-A12D-4DE5-ABA8-591D3126570B}.Release|Any CPU.ActiveCfg = Release|Any CPU
		{1100EE3E-A12D-4DE5-ABA8-591D3126570B}.Release|Any CPU.Build.0 = Release|Any CPU
		{1100EE3E-A12D-4DE5-ABA8-591D3126570B}.Release|x64.ActiveCfg = Release|Any CPU
		{1100EE3E-A12D-4DE5-ABA8-591D3126570B}.Release|x64.Build.0 = Release|Any CPU
		{1100EE3E-A12D-4DE5-ABA8-591D3126570B}.Release|x86.ActiveCfg = Release|Any CPU
		{1100EE3E-A12D-4DE5-ABA8-591D3126570B}.Release|x86.Build.0 = Release|Any CPU
		{2E8A4BB6-DA58-484F-ACC5-A8F2FA885B36}.Debug|Any CPU.ActiveCfg = Debug|Any CPU
		{2E8A4BB6-DA58-484F-ACC5-A8F2FA885B36}.Debug|Any CPU.Build.0 = Debug|Any CPU
		{2E8A4BB6-DA58-484F-ACC5-A8F2FA885B36}.Debug|x64.ActiveCfg = Debug|Any CPU
		{2E8A4BB6-DA58-484F-ACC5-A8F2FA885B36}.Debug|x64.Build.0 = Debug|Any CPU
		{2E8A4BB6-DA58-484F-ACC5-A8F2FA885B36}.Debug|x86.ActiveCfg = Debug|Any CPU
		{2E8A4BB6-DA58-484F-ACC5-A8F2FA885B36}.Debug|x86.Build.0 = Debug|Any CPU
		{2E8A4BB6-DA58-484F-ACC5-A8F2FA885B36}.Release|Any CPU.ActiveCfg = Release|Any CPU
		{2E8A4BB6-DA58-484F-ACC5-A8F2FA885B36}.Release|Any CPU.Build.0 = Release|Any CPU
		{2E8A4BB6-DA58-484F-ACC5-A8F2FA885B36}.Release|x64.ActiveCfg = Release|Any CPU
		{2E8A4BB6-DA58-484F-ACC5-A8F2FA885B36}.Release|x64.Build.0 = Release|Any CPU
		{2E8A4BB6-DA58-484F-ACC5-A8F2FA885B36}.Release|x86.ActiveCfg = Release|Any CPU
		{2E8A4BB6-DA58-484F-ACC5-A8F2FA885B36}.Release|x86.Build.0 = Release|Any CPU
		{8858F489-4EDD-41F1-9A74-1CA1CB287EB4}.Debug|Any CPU.ActiveCfg = Debug|Any CPU
		{8858F489-4EDD-41F1-9A74-1CA1CB287EB4}.Debug|Any CPU.Build.0 = Debug|Any CPU
		{8858F489-4EDD-41F1-9A74-1CA1CB287EB4}.Debug|x64.ActiveCfg = Debug|Any CPU
		{8858F489-4EDD-41F1-9A74-1CA1CB287EB4}.Debug|x64.Build.0 = Debug|Any CPU
		{8858F489-4EDD-41F1-9A74-1CA1CB287EB4}.Debug|x86.ActiveCfg = Debug|Any CPU
		{8858F489-4EDD-41F1-9A74-1CA1CB287EB4}.Debug|x86.Build.0 = Debug|Any CPU
		{8858F489-4EDD-41F1-9A74-1CA1CB287EB4}.Release|Any CPU.ActiveCfg = Release|Any CPU
		{8858F489-4EDD-41F1-9A74-1CA1CB287EB4}.Release|Any CPU.Build.0 = Release|Any CPU
		{8858F489-4EDD-41F1-9A74-1CA1CB287EB4}.Release|x64.ActiveCfg = Release|Any CPU
		{8858F489-4EDD-41F1-9A74-1CA1CB287EB4}.Release|x64.Build.0 = Release|Any CPU
		{8858F489-4EDD-41F1-9A74-1CA1CB287EB4}.Release|x86.ActiveCfg = Release|Any CPU
		{8858F489-4EDD-41F1-9A74-1CA1CB287EB4}.Release|x86.Build.0 = Release|Any CPU
		{3FDCD803-604F-48D9-B2A8-2EC621E8D598}.Debug|Any CPU.ActiveCfg = Debug|Any CPU
		{3FDCD803-604F-48D9-B2A8-2EC621E8D598}.Debug|Any CPU.Build.0 = Debug|Any CPU
		{3FDCD803-604F-48D9-B2A8-2EC621E8D598}.Debug|x64.ActiveCfg = Debug|Any CPU
		{3FDCD803-604F-48D9-B2A8-2EC621E8D598}.Debug|x64.Build.0 = Debug|Any CPU
		{3FDCD803-604F-48D9-B2A8-2EC621E8D598}.Debug|x86.ActiveCfg = Debug|Any CPU
		{3FDCD803-604F-48D9-B2A8-2EC621E8D598}.Debug|x86.Build.0 = Debug|Any CPU
		{3FDCD803-604F-48D9-B2A8-2EC621E8D598}.Release|Any CPU.ActiveCfg = Release|Any CPU
		{3FDCD803-604F-48D9-B2A8-2EC621E8D598}.Release|Any CPU.Build.0 = Release|Any CPU
		{3FDCD803-604F-48D9-B2A8-2EC621E8D598}.Release|x64.ActiveCfg = Release|Any CPU
		{3FDCD803-604F-48D9-B2A8-2EC621E8D598}.Release|x64.Build.0 = Release|Any CPU
		{3FDCD803-604F-48D9-B2A8-2EC621E8D598}.Release|x86.ActiveCfg = Release|Any CPU
		{3FDCD803-604F-48D9-B2A8-2EC621E8D598}.Release|x86.Build.0 = Release|Any CPU
		{9D3AADF0-55E6-4F80-B9C5-875F63E170D8}.Debug|Any CPU.ActiveCfg = Debug|Any CPU
		{9D3AADF0-55E6-4F80-B9C5-875F63E170D8}.Debug|Any CPU.Build.0 = Debug|Any CPU
		{9D3AADF0-55E6-4F80-B9C5-875F63E170D8}.Debug|x64.ActiveCfg = Debug|Any CPU
		{9D3AADF0-55E6-4F80-B9C5-875F63E170D8}.Debug|x64.Build.0 = Debug|Any CPU
		{9D3AADF0-55E6-4F80-B9C5-875F63E170D8}.Debug|x86.ActiveCfg = Debug|Any CPU
		{9D3AADF0-55E6-4F80-B9C5-875F63E170D8}.Debug|x86.Build.0 = Debug|Any CPU
		{9D3AADF0-55E6-4F80-B9C5-875F63E170D8}.Release|Any CPU.ActiveCfg = Release|Any CPU
		{9D3AADF0-55E6-4F80-B9C5-875F63E170D8}.Release|Any CPU.Build.0 = Release|Any CPU
		{9D3AADF0-55E6-4F80-B9C5-875F63E170D8}.Release|x64.ActiveCfg = Release|Any CPU
		{9D3AADF0-55E6-4F80-B9C5-875F63E170D8}.Release|x64.Build.0 = Release|Any CPU
		{9D3AADF0-55E6-4F80-B9C5-875F63E170D8}.Release|x86.ActiveCfg = Release|Any CPU
		{9D3AADF0-55E6-4F80-B9C5-875F63E170D8}.Release|x86.Build.0 = Release|Any CPU
		{5609D017-E481-431B-874A-7D06BFF698F9}.Debug|Any CPU.ActiveCfg = Debug|Any CPU
		{5609D017-E481-431B-874A-7D06BFF698F9}.Debug|Any CPU.Build.0 = Debug|Any CPU
		{5609D017-E481-431B-874A-7D06BFF698F9}.Debug|x64.ActiveCfg = Debug|Any CPU
		{5609D017-E481-431B-874A-7D06BFF698F9}.Debug|x64.Build.0 = Debug|Any CPU
		{5609D017-E481-431B-874A-7D06BFF698F9}.Debug|x86.ActiveCfg = Debug|Any CPU
		{5609D017-E481-431B-874A-7D06BFF698F9}.Debug|x86.Build.0 = Debug|Any CPU
		{5609D017-E481-431B-874A-7D06BFF698F9}.Release|Any CPU.ActiveCfg = Release|Any CPU
		{5609D017-E481-431B-874A-7D06BFF698F9}.Release|Any CPU.Build.0 = Release|Any CPU
		{5609D017-E481-431B-874A-7D06BFF698F9}.Release|x64.ActiveCfg = Release|Any CPU
		{5609D017-E481-431B-874A-7D06BFF698F9}.Release|x64.Build.0 = Release|Any CPU
		{5609D017-E481-431B-874A-7D06BFF698F9}.Release|x86.ActiveCfg = Release|Any CPU
		{5609D017-E481-431B-874A-7D06BFF698F9}.Release|x86.Build.0 = Release|Any CPU
	EndGlobalSection
	GlobalSection(SolutionProperties) = preSolution
		HideSolutionNode = FALSE
	EndGlobalSection
EndGlobal
